<?xml version="1.0" encoding="utf-8"?>
<Project ToolsVersion="4.0" xmlns="http://schemas.microsoft.com/developer/msbuild/2003">
  <ItemGroup>
    <Filter Include="Source Files">
      <UniqueIdentifier>{4FC737F1-C7A5-4376-A066-2A32D752A2FF}</UniqueIdentifier>
      <Extensions>cpp;c;cc;cxx;c++;cppm;ixx;def;odl;idl;hpj;bat;asm;asmx</Extensions>
    </Filter>
    <Filter Include="Header Files">
      <UniqueIdentifier>{93995380-89BD-4b04-88EB-625FBE52EBFB}</UniqueIdentifier>
      <Extensions>h;hh;hpp;hxx;h++;hm;inl;inc;ipp;xsd</Extensions>
    </Filter>
    <Filter Include="Resource Files">
      <UniqueIdentifier>{67DA6AB6-F800-4c08-8B7A-83BB121AAD01}</UniqueIdentifier>
      <Extensions>rc;ico;cur;bmp;dlg;rc2;rct;bin;rgs;gif;jpg;jpeg;jpe;resx;tiff;tif;png;wav;mfcribbon-ms</Extensions>
    </Filter>
    <Filter Include="includes">
      <UniqueIdentifier>{b5b32e03-3939-422d-99b8-997316288e12}</UniqueIdentifier>
    </Filter>
    <Filter Include="includes\safetyhook">
      <UniqueIdentifier>{5bad8903-8675-4b68-ae6f-5d13452f461f}</UniqueIdentifier>
    </Filter>
    <Filter Include="includes\plog">
      <UniqueIdentifier>{03b86250-cc75-4ac5-899b-f107c9bc5bd2}</UniqueIdentifier>
    </Filter>
  </ItemGroup>
  <ItemGroup>
    <ClCompile Include="CommandHandler.cpp">
      <Filter>Source Files</Filter>
    </ClCompile>
    <ClCompile Include="AutoDumper.cpp">
      <Filter>Source Files</Filter>
    </ClCompile>
    <ClCompile Include="MultilevelPointer.cpp">
      <Filter>Source Files</Filter>
    </ClCompile>
    <ClCompile Include="dllmain.cpp">
      <Filter>Source Files</Filter>
    </ClCompile>
    <ClCompile Include="safetyhook-main\src\Builder.cpp">
      <Filter>includes\safetyhook</Filter>
    </ClCompile>
    <ClCompile Include="safetyhook-main\src\Factory.cpp">
      <Filter>includes\safetyhook</Filter>
    </ClCompile>
    <ClCompile Include="safetyhook-main\src\InlineHook.cpp">
      <Filter>includes\safetyhook</Filter>
    </ClCompile>
    <ClCompile Include="safetyhook-main\src\MidHook.cpp">
      <Filter>includes\safetyhook</Filter>
    </ClCompile>
    <ClCompile Include="safetyhook-main\src\ThreadFreezer.cpp">
      <Filter>includes\safetyhook</Filter>
    </ClCompile>
    <ClCompile Include="ExportedFunctions.cpp">
      <Filter>Source Files</Filter>
    </ClCompile>
    <ClCompile Include="InitParameter.cpp">
      <Filter>Source Files</Filter>
    </ClCompile>
    <ClCompile Include="CustomGameRefresher.cpp">
      <Filter>Source Files</Filter>
    </ClCompile>
  </ItemGroup>
  <ItemGroup>
    <ClInclude Include="pch.h">
      <Filter>Header Files</Filter>
    </ClInclude>
    <ClInclude Include="AutoDumper.h">
      <Filter>Header Files</Filter>
    </ClInclude>
    <ClInclude Include="CommandHandler.h">
      <Filter>Header Files</Filter>
    </ClInclude>
    <ClInclude Include="MultilevelPointer.h">
      <Filter>Header Files</Filter>
    </ClInclude>
    <ClInclude Include="GlobalKill.h">
      <Filter>Header Files</Filter>
    </ClInclude>
    <ClInclude Include="Commands.h">
      <Filter>Header Files</Filter>
    </ClInclude>
    <ClInclude Include="CustomGameRefresher.h">
      <Filter>Header Files</Filter>
    </ClInclude>
    <ClInclude Include="safetyhook-main\include\SafetyHook.hpp">
      <Filter>includes\safetyhook</Filter>
    </ClInclude>
    <ClInclude Include="safetyhook-main\include\safetyhook\Builder.hpp">
      <Filter>includes\safetyhook</Filter>
    </ClInclude>
    <ClInclude Include="safetyhook-main\include\safetyhook\Context.hpp">
      <Filter>includes\safetyhook</Filter>
    </ClInclude>
    <ClInclude Include="safetyhook-main\include\safetyhook\Factory.hpp">
      <Filter>includes\safetyhook</Filter>
    </ClInclude>
    <ClInclude Include="safetyhook-main\include\safetyhook\InlineHook.hpp">
      <Filter>includes\safetyhook</Filter>
    </ClInclude>
    <ClInclude Include="safetyhook-main\include\safetyhook\MidHook.hpp">
      <Filter>includes\safetyhook</Filter>
    </ClInclude>
    <ClInclude Include="safetyhook-main\include\safetyhook\ThreadFreezer.hpp">
      <Filter>includes\safetyhook</Filter>
    </ClInclude>
    <ClInclude Include="include\plog\Init.h">
      <Filter>includes\plog</Filter>
    </ClInclude>
    <ClInclude Include="include\plog\Log.h">
      <Filter>includes\plog</Filter>
    </ClInclude>
    <ClInclude Include="include\plog\Logger.h">
      <Filter>includes\plog</Filter>
    </ClInclude>
    <ClInclude Include="include\plog\Record.h">
      <Filter>includes\plog</Filter>
    </ClInclude>
    <ClInclude Include="include\plog\Severity.h">
      <Filter>includes\plog</Filter>
    </ClInclude>
    <ClInclude Include="include\plog\Util.h">
      <Filter>includes\plog</Filter>
    </ClInclude>
    <ClInclude Include="include\plog\WinApi.h">
      <Filter>includes\plog</Filter>
    </ClInclude>
    <ClInclude Include="ExportedFunctions.h">
      <Filter>Header Files</Filter>
    </ClInclude>
    <ClInclude Include="InitParameter.h">
      <Filter>Header Files</Filter>
    </ClInclude>
    <ClInclude Include="CustomGameInfoStructs.h">
      <Filter>Header Files</Filter>
    </ClInclude>
  </ItemGroup>
  <ItemGroup>
    <None Include="safetyhook-main\src\MidHook.x64.asm">
      <Filter>includes\safetyhook</Filter>
    </None>
    <None Include="safetyhook-main\src\MidHook.x86.asm">
      <Filter>includes\safetyhook</Filter>
    </None>
  </ItemGroup>
</Project>